# THIS IS AN AUTOGENERATED FILE. DO NOT EDIT THIS FILE DIRECTLY.
# yarn lockfile v1


dtpweb@^2.1.1:
  version "2.1.1"
  resolved "https://registry.yarnpkg.com/dtpweb/-/dtpweb-2.1.1.tgz#4fa6f1b221b21cadedefa3392920b04788166d27"
  integrity sha512-KSFrGTtGgd00tDE1GI43v2e1e6w88XS0xzCpBH5Lp58PAOfAuBBLiGzEqrVxghwtrnbcPuMGNpJo7ZhQsA9zpQ==
